
Microsoft Visual Studio Solution File, Format Version 12.00
# Visual Studio Version 16
VisualStudioVersion = 16.0.30114.105
MinimumVisualStudioVersion = 10.0.40219.1
Project("{9A19103F-16F7-4668-BE54-9A1E7A4F7556}") = "ESourcing.Products", "ESourcing.Products\ESourcing.Products.csproj", "{4D8629B2-DF1F-406F-82E6-B6821FEEAD2E}"
EndProject
Project("{2150E333-8FDC-42A3-9474-1A3956D46DE8}") = "src", "src", "{99F75A83-D667-40ED-9010-F3CA9E8EF90F}"
EndProject
Project("{2150E333-8FDC-42A3-9474-1A3956D46DE8}") = "Products", "Products", "{8C211457-2E0F-4F55-8725-C152F6055D07}"
EndProject
Project("{2150E333-8FDC-42A3-9474-1A3956D46DE8}") = "ApiGateway", "ApiGateway", "{AEC49559-5005-4325-BC9D-1D5B9ED9101B}"
EndProject
Project("{2150E333-8FDC-42A3-9474-1A3956D46DE8}") = "Services", "Services", "{C3A46F81-8616-4A1E-826A-9663D25F791C}"
EndProject
Project("{2150E333-8FDC-42A3-9474-1A3956D46DE8}") = "WebApp", "WebApp", "{293EB10A-38E3-4D4B-BCB2-99D5FAA219DB}"
EndProject
Project("{2150E333-8FDC-42A3-9474-1A3956D46DE8}") = "Common", "Common", "{3245634D-62C6-40B1-A8F8-2F8326C7C2D0}"
EndProject
Project("{2150E333-8FDC-42A3-9474-1A3956D46DE8}") = "Order", "Order", "{07E6ED14-7E41-4349-8F6B-49604F7B520C}"
EndProject
Project("{2150E333-8FDC-42A3-9474-1A3956D46DE8}") = "Sourcing", "Sourcing", "{7D42411C-DCA6-476C-B0EE-32E02361D370}"
EndProject
Project("{E53339B2-1760-4266-BCC7-CA923CBCF16C}") = "docker-compose", "docker-compose.dcproj", "{E9913CA1-4035-42A8-958B-B793F96FCF06}"
EndProject
Project("{9A19103F-16F7-4668-BE54-9A1E7A4F7556}") = "Esourcing.Sourcing", "Esourcing.Sourcing\Esourcing.Sourcing.csproj", "{8C527A20-B0CE-44F0-966A-A4079A61A85C}"
EndProject
Project("{9A19103F-16F7-4668-BE54-9A1E7A4F7556}") = "EventBusRabbitMQ", "EventBusRabbitMQ\EventBusRabbitMQ.csproj", "{D26A3439-9C2F-4CF3-882B-521DC5CF037D}"
EndProject
Project("{9A19103F-16F7-4668-BE54-9A1E7A4F7556}") = "ESourcing.Order", "ESourcing.Order\ESourcing.Order.csproj", "{D49C2A4F-FC09-4889-9274-4CADDEDD3043}"
EndProject
Project("{9A19103F-16F7-4668-BE54-9A1E7A4F7556}") = "Ordering.Domain", "Ordering.Domain\Ordering.Domain.csproj", "{F95CED1A-19F4-4378-B4A3-03DBDF9F3407}"
EndProject
Project("{9A19103F-16F7-4668-BE54-9A1E7A4F7556}") = "Ordering.Application", "Ordering.Application\Ordering.Application.csproj", "{51C3DFAC-8853-485B-955B-82C0457AEBCA}"
EndProject
Project("{9A19103F-16F7-4668-BE54-9A1E7A4F7556}") = "Ordering.Infrastructure", "Ordering.Infrastructure\Ordering.Infrastructure.csproj", "{C84057D8-569F-46B5-8508-B690CB0B0447}"
EndProject
Global
	GlobalSection(SolutionConfigurationPlatforms) = preSolution
		Debug|Any CPU = Debug|Any CPU
		Debug|x64 = Debug|x64
		Debug|x86 = Debug|x86
		Release|Any CPU = Release|Any CPU
		Release|x64 = Release|x64
		Release|x86 = Release|x86
	EndGlobalSection
	GlobalSection(ProjectConfigurationPlatforms) = postSolution
		{4D8629B2-DF1F-406F-82E6-B6821FEEAD2E}.Debug|Any CPU.ActiveCfg = Debug|Any CPU
		{4D8629B2-DF1F-406F-82E6-B6821FEEAD2E}.Debug|Any CPU.Build.0 = Debug|Any CPU
		{4D8629B2-DF1F-406F-82E6-B6821FEEAD2E}.Debug|x64.ActiveCfg = Debug|Any CPU
		{4D8629B2-DF1F-406F-82E6-B6821FEEAD2E}.Debug|x64.Build.0 = Debug|Any CPU
		{4D8629B2-DF1F-406F-82E6-B6821FEEAD2E}.Debug|x86.ActiveCfg = Debug|Any CPU
		{4D8629B2-DF1F-406F-82E6-B6821FEEAD2E}.Debug|x86.Build.0 = Debug|Any CPU
		{4D8629B2-DF1F-406F-82E6-B6821FEEAD2E}.Release|Any CPU.ActiveCfg = Release|Any CPU
		{4D8629B2-DF1F-406F-82E6-B6821FEEAD2E}.Release|Any CPU.Build.0 = Release|Any CPU
		{4D8629B2-DF1F-406F-82E6-B6821FEEAD2E}.Release|x64.ActiveCfg = Release|Any CPU
		{4D8629B2-DF1F-406F-82E6-B6821FEEAD2E}.Release|x64.Build.0 = Release|Any CPU
		{4D8629B2-DF1F-406F-82E6-B6821FEEAD2E}.Release|x86.ActiveCfg = Release|Any CPU
		{4D8629B2-DF1F-406F-82E6-B6821FEEAD2E}.Release|x86.Build.0 = Release|Any CPU
		{E9913CA1-4035-42A8-958B-B793F96FCF06}.Debug|Any CPU.ActiveCfg = Debug|Any CPU
		{E9913CA1-4035-42A8-958B-B793F96FCF06}.Debug|Any CPU.Build.0 = Debug|Any CPU
		{E9913CA1-4035-42A8-958B-B793F96FCF06}.Debug|x64.ActiveCfg = Debug|Any CPU
		{E9913CA1-4035-42A8-958B-B793F96FCF06}.Debug|x64.Build.0 = Debug|Any CPU
		{E9913CA1-4035-42A8-958B-B793F96FCF06}.Debug|x86.ActiveCfg = Debug|Any CPU
		{E9913CA1-4035-42A8-958B-B793F96FCF06}.Debug|x86.Build.0 = Debug|Any CPU
		{E9913CA1-4035-42A8-958B-B793F96FCF06}.Release|Any CPU.ActiveCfg = Release|Any CPU
		{E9913CA1-4035-42A8-958B-B793F96FCF06}.Release|Any CPU.Build.0 = Release|Any CPU
		{E9913CA1-4035-42A8-958B-B793F96FCF06}.Release|x64.ActiveCfg = Release|Any CPU
		{E9913CA1-4035-42A8-958B-B793F96FCF06}.Release|x64.Build.0 = Release|Any CPU
		{E9913CA1-4035-42A8-958B-B793F96FCF06}.Release|x86.ActiveCfg = Release|Any CPU
		{E9913CA1-4035-42A8-958B-B793F96FCF06}.Release|x86.Build.0 = Release|Any CPU
		{8C527A20-B0CE-44F0-966A-A4079A61A85C}.Debug|Any CPU.ActiveCfg = Debug|Any CPU
		{8C527A20-B0CE-44F0-966A-A4079A61A85C}.Debug|Any CPU.Build.0 = Debug|Any CPU
		{8C527A20-B0CE-44F0-966A-A4079A61A85C}.Debug|x64.ActiveCfg = Debug|Any CPU
		{8C527A20-B0CE-44F0-966A-A4079A61A85C}.Debug|x64.Build.0 = Debug|Any CPU
		{8C527A20-B0CE-44F0-966A-A4079A61A85C}.Debug|x86.ActiveCfg = Debug|Any CPU
		{8C527A20-B0CE-44F0-966A-A4079A61A85C}.Debug|x86.Build.0 = Debug|Any CPU
		{8C527A20-B0CE-44F0-966A-A4079A61A85C}.Release|Any CPU.ActiveCfg = Release|Any CPU
		{8C527A20-B0CE-44F0-966A-A4079A61A85C}.Release|Any CPU.Build.0 = Release|Any CPU
		{8C527A20-B0CE-44F0-966A-A4079A61A85C}.Release|x64.ActiveCfg = Release|Any CPU
		{8C527A20-B0CE-44F0-966A-A4079A61A85C}.Release|x64.Build.0 = Release|Any CPU
		{8C527A20-B0CE-44F0-966A-A4079A61A85C}.Release|x86.ActiveCfg = Release|Any CPU
		{8C527A20-B0CE-44F0-966A-A4079A61A85C}.Release|x86.Build.0 = Release|Any CPU
		{D26A3439-9C2F-4CF3-882B-521DC5CF037D}.Debug|Any CPU.ActiveCfg = Debug|Any CPU
		{D26A3439-9C2F-4CF3-882B-521DC5CF037D}.Debug|Any CPU.Build.0 = Debug|Any CPU
		{D26A3439-9C2F-4CF3-882B-521DC5CF037D}.Debug|x64.ActiveCfg = Debug|Any CPU
		{D26A3439-9C2F-4CF3-882B-521DC5CF037D}.Debug|x64.Build.0 = Debug|Any CPU
		{D26A3439-9C2F-4CF3-882B-521DC5CF037D}.Debug|x86.ActiveCfg = Debug|Any CPU
		{D26A3439-9C2F-4CF3-882B-521DC5CF037D}.Debug|x86.Build.0 = Debug|Any CPU
		{D26A3439-9C2F-4CF3-882B-521DC5CF037D}.Release|Any CPU.ActiveCfg = Release|Any CPU
		{D26A3439-9C2F-4CF3-882B-521DC5CF037D}.Release|Any CPU.Build.0 = Release|Any CPU
		{D26A3439-9C2F-4CF3-882B-521DC5CF037D}.Release|x64.ActiveCfg = Release|Any CPU
		{D26A3439-9C2F-4CF3-882B-521DC5CF037D}.Release|x64.Build.0 = Release|Any CPU
		{D26A3439-9C2F-4CF3-882B-521DC5CF037D}.Release|x86.ActiveCfg = Release|Any CPU
		{D26A3439-9C2F-4CF3-882B-521DC5CF037D}.Release|x86.Build.0 = Release|Any CPU
		{D49C2A4F-FC09-4889-9274-4CADDEDD3043}.Debug|Any CPU.ActiveCfg = Debug|Any CPU
		{D49C2A4F-FC09-4889-9274-4CADDEDD3043}.Debug|Any CPU.Build.0 = Debug|Any CPU
		{D49C2A4F-FC09-4889-9274-4CADDEDD3043}.Debug|x64.ActiveCfg = Debug|Any CPU
		{D49C2A4F-FC09-4889-9274-4CADDEDD3043}.Debug|x64.Build.0 = Debug|Any CPU
		{D49C2A4F-FC09-4889-9274-4CADDEDD3043}.Debug|x86.ActiveCfg = Debug|Any CPU
		{D49C2A4F-FC09-4889-9274-4CADDEDD3043}.Debug|x86.Build.0 = Debug|Any CPU
		{D49C2A4F-FC09-4889-9274-4CADDEDD3043}.Release|Any CPU.ActiveCfg = Release|Any CPU
		{D49C2A4F-FC09-4889-9274-4CADDEDD3043}.Release|Any CPU.Build.0 = Release|Any CPU
		{D49C2A4F-FC09-4889-9274-4CADDEDD3043}.Release|x64.ActiveCfg = Release|Any CPU
		{D49C2A4F-FC09-4889-9274-4CADDEDD3043}.Release|x64.Build.0 = Release|Any CPU
		{D49C2A4F-FC09-4889-9274-4CADDEDD3043}.Release|x86.ActiveCfg = Release|Any CPU
		{D49C2A4F-FC09-4889-9274-4CADDEDD3043}.Release|x86.Build.0 = Release|Any CPU
		{F95CED1A-19F4-4378-B4A3-03DBDF9F3407}.Debug|Any CPU.ActiveCfg = Debug|Any CPU
		{F95CED1A-19F4-4378-B4A3-03DBDF9F3407}.Debug|Any CPU.Build.0 = Debug|Any CPU
		{F95CED1A-19F4-4378-B4A3-03DBDF9F3407}.Debug|x64.ActiveCfg = Debug|Any CPU
		{F95CED1A-19F4-4378-B4A3-03DBDF9F3407}.Debug|x64.Build.0 = Debug|Any CPU
		{F95CED1A-19F4-4378-B4A3-03DBDF9F3407}.Debug|x86.ActiveCfg = Debug|Any CPU
		{F95CED1A-19F4-4378-B4A3-03DBDF9F3407}.Debug|x86.Build.0 = Debug|Any CPU
		{F95CED1A-19F4-4378-B4A3-03DBDF9F3407}.Release|Any CPU.ActiveCfg = Release|Any CPU
		{F95CED1A-19F4-4378-B4A3-03DBDF9F3407}.Release|Any CPU.Build.0 = Release|Any CPU
		{F95CED1A-19F4-4378-B4A3-03DBDF9F3407}.Release|x64.ActiveCfg = Release|Any CPU
		{F95CED1A-19F4-4378-B4A3-03DBDF9F3407}.Release|x64.Build.0 = Release|Any CPU
		{F95CED1A-19F4-4378-B4A3-03DBDF9F3407}.Release|x86.ActiveCfg = Release|Any CPU
		{F95CED1A-19F4-4378-B4A3-03DBDF9F3407}.Release|x86.Build.0 = Release|Any CPU
		{51C3DFAC-8853-485B-955B-82C0457AEBCA}.Debug|Any CPU.ActiveCfg = Debug|Any CPU
		{51C3DFAC-8853-485B-955B-82C0457AEBCA}.Debug|Any CPU.Build.0 = Debug|Any CPU
		{51C3DFAC-8853-485B-955B-82C0457AEBCA}.Debug|x64.ActiveCfg = Debug|Any CPU
		{51C3DFAC-8853-485B-955B-82C0457AEBCA}.Debug|x64.Build.0 = Debug|Any CPU
		{51C3DFAC-8853-485B-955B-82C0457AEBCA}.Debug|x86.ActiveCfg = Debug|Any CPU
		{51C3DFAC-8853-485B-955B-82C0457AEBCA}.Debug|x86.Build.0 = Debug|Any CPU
		{51C3DFAC-8853-485B-955B-82C0457AEBCA}.Release|Any CPU.ActiveCfg = Release|Any CPU
		{51C3DFAC-8853-485B-955B-82C0457AEBCA}.Release|Any CPU.Build.0 = Release|Any CPU
		{51C3DFAC-8853-485B-955B-82C0457AEBCA}.Release|x64.ActiveCfg = Release|Any CPU
		{51C3DFAC-8853-485B-955B-82C0457AEBCA}.Release|x64.Build.0 = Release|Any CPU
		{51C3DFAC-8853-485B-955B-82C0457AEBCA}.Release|x86.ActiveCfg = Release|Any CPU
		{51C3DFAC-8853-485B-955B-82C0457AEBCA}.Release|x86.Build.0 = Release|Any CPU
		{C84057D8-569F-46B5-8508-B690CB0B0447}.Debug|Any CPU.ActiveCfg = Debug|Any CPU
		{C84057D8-569F-46B5-8508-B690CB0B0447}.Debug|Any CPU.Build.0 = Debug|Any CPU
		{C84057D8-569F-46B5-8508-B690CB0B0447}.Debug|x64.ActiveCfg = Debug|Any CPU
		{C84057D8-569F-46B5-8508-B690CB0B0447}.Debug|x64.Build.0 = Debug|Any CPU
		{C84057D8-569F-46B5-8508-B690CB0B0447}.Debug|x86.ActiveCfg = Debug|Any CPU
		{C84057D8-569F-46B5-8508-B690CB0B0447}.Debug|x86.Build.0 = Debug|Any CPU
		{C84057D8-569F-46B5-8508-B690CB0B0447}.Release|Any CPU.ActiveCfg = Release|Any CPU
		{C84057D8-569F-46B5-8508-B690CB0B0447}.Release|Any CPU.Build.0 = Release|Any CPU
		{C84057D8-569F-46B5-8508-B690CB0B0447}.Release|x64.ActiveCfg = Release|Any CPU
		{C84057D8-569F-46B5-8508-B690CB0B0447}.Release|x64.Build.0 = Release|Any CPU
		{C84057D8-569F-46B5-8508-B690CB0B0447}.Release|x86.ActiveCfg = Release|Any CPU
		{C84057D8-569F-46B5-8508-B690CB0B0447}.Release|x86.Build.0 = Release|Any CPU
	EndGlobalSection
	GlobalSection(SolutionProperties) = preSolution
		HideSolutionNode = FALSE
	EndGlobalSection
	GlobalSection(NestedProjects) = preSolution
		{4D8629B2-DF1F-406F-82E6-B6821FEEAD2E} = {8C211457-2E0F-4F55-8725-C152F6055D07}
		{8C211457-2E0F-4F55-8725-C152F6055D07} = {C3A46F81-8616-4A1E-826A-9663D25F791C}
		{AEC49559-5005-4325-BC9D-1D5B9ED9101B} = {99F75A83-D667-40ED-9010-F3CA9E8EF90F}
		{C3A46F81-8616-4A1E-826A-9663D25F791C} = {99F75A83-D667-40ED-9010-F3CA9E8EF90F}
		{293EB10A-38E3-4D4B-BCB2-99D5FAA219DB} = {99F75A83-D667-40ED-9010-F3CA9E8EF90F}
		{3245634D-62C6-40B1-A8F8-2F8326C7C2D0} = {C3A46F81-8616-4A1E-826A-9663D25F791C}
		{07E6ED14-7E41-4349-8F6B-49604F7B520C} = {C3A46F81-8616-4A1E-826A-9663D25F791C}
		{7D42411C-DCA6-476C-B0EE-32E02361D370} = {C3A46F81-8616-4A1E-826A-9663D25F791C}
		{8C527A20-B0CE-44F0-966A-A4079A61A85C} = {7D42411C-DCA6-476C-B0EE-32E02361D370}
		{D26A3439-9C2F-4CF3-882B-521DC5CF037D} = {3245634D-62C6-40B1-A8F8-2F8326C7C2D0}
		{D49C2A4F-FC09-4889-9274-4CADDEDD3043} = {07E6ED14-7E41-4349-8F6B-49604F7B520C}
		{F95CED1A-19F4-4378-B4A3-03DBDF9F3407} = {07E6ED14-7E41-4349-8F6B-49604F7B520C}
		{51C3DFAC-8853-485B-955B-82C0457AEBCA} = {07E6ED14-7E41-4349-8F6B-49604F7B520C}
		{C84057D8-569F-46B5-8508-B690CB0B0447} = {07E6ED14-7E41-4349-8F6B-49604F7B520C}
	EndGlobalSection
	GlobalSection(ExtensibilityGlobals) = postSolution
		SolutionGuid = {972A1B5A-2B78-46FB-B233-39C2362AF3DC}
	EndGlobalSection
EndGlobal
